
Microsoft Visual Studio Solution File, Format Version 12.00
# Visual Studio Version 17
VisualStudioVersion = 17.0.31912.275
MinimumVisualStudioVersion = 10.0.40219.1
Project("{FAE04EC0-301F-11D3-BF4B-00C04F79EFBC}") = "pipeline", "pipeline\pipeline.csproj", "{BC6F9DEA-2E0E-4E1D-805E-DC7A595F1495}"
EndProject
Project("{2150E333-8FDC-42A3-9474-1A3956D46DE8}") = "Solution Items", "Solution Items", "{00A9D40D-B022-4269-9CD9-290F33885934}"
	ProjectSection(SolutionItems) = preProject
		.filenesting.json = .filenesting.json
	EndProjectSection
EndProject
Global
	GlobalSection(SolutionConfigurationPlatforms) = preSolution
		Debug|Any CPU = Debug|Any CPU
		Release|Any CPU = Release|Any CPU
	EndGlobalSection
	GlobalSection(ProjectConfigurationPlatforms) = postSolution
		{BC6F9DEA-2E0E-4E1D-805E-DC7A595F1495}.Debug|Any CPU.ActiveCfg = Debug|Any CPU
		{BC6F9DEA-2E0E-4E1D-805E-DC7A595F1495}.Debug|Any CPU.Build.0 = Debug|Any CPU
		{BC6F9DEA-2E0E-4E1D-805E-DC7A595F1495}.Release|Any CPU.ActiveCfg = Release|Any CPU
		{BC6F9DEA-2E0E-4E1D-805E-DC7A595F1495}.Release|Any CPU.Build.0 = Release|Any CPU
	EndGlobalSection
	GlobalSection(SolutionProperties) = preSolution
		HideSolutionNode = FALSE
	EndGlobalSection
	GlobalSection(ExtensibilityGlobals) = postSolution
		SolutionGuid = {E40545C4-563E-465D-8B9B-57C305AC8BA1}
	EndGlobalSection
EndGlobal
